
Microsoft Visual Studio Solution File, Format Version 12.00
# Visual Studio 15
VisualStudioVersion = 15.0.26730.12
MinimumVisualStudioVersion = 10.0.40219.1
Project("{FAE04EC0-301F-11D3-BF4B-00C04F79EFBC}") = "bank-utilities", "bank-utilities\bank-utilities.csproj", "{B36B7D32-18C4-4D86-8123-94D9FA0BB28F}"
EndProject
Project("{FAE04EC0-301F-11D3-BF4B-00C04F79EFBC}") = "bank-validator", "bank-validator\bank-validator.csproj", "{70DE8DA4-46D7-4498-B6ED-842B0C2380FC}"
EndProject
Global
	GlobalSection(SolutionConfigurationPlatforms) = preSolution
		Debug|Any CPU = Debug|Any CPU
		Release|Any CPU = Release|Any CPU
	EndGlobalSection
	GlobalSection(ProjectConfigurationPlatforms) = postSolution
		{B36B7D32-18C4-4D86-8123-94D9FA0BB28F}.Debug|Any CPU.ActiveCfg = Debug|Any CPU
		{B36B7D32-18C4-4D86-8123-94D9FA0BB28F}.Debug|Any CPU.Build.0 = Debug|Any CPU
		{B36B7D32-18C4-4D86-8123-94D9FA0BB28F}.Release|Any CPU.ActiveCfg = Release|Any CPU
		{B36B7D32-18C4-4D86-8123-94D9FA0BB28F}.Release|Any CPU.Build.0 = Release|Any CPU
		{70DE8DA4-46D7-4498-B6ED-842B0C2380FC}.Debug|Any CPU.ActiveCfg = Debug|Any CPU
		{70DE8DA4-46D7-4498-B6ED-842B0C2380FC}.Debug|Any CPU.Build.0 = Debug|Any CPU
		{70DE8DA4-46D7-4498-B6ED-842B0C2380FC}.Release|Any CPU.ActiveCfg = Release|Any CPU
		{70DE8DA4-46D7-4498-B6ED-842B0C2380FC}.Release|Any CPU.Build.0 = Release|Any CPU
	EndGlobalSection
	GlobalSection(SolutionProperties) = preSolution
		HideSolutionNode = FALSE
	EndGlobalSection
	GlobalSection(ExtensibilityGlobals) = postSolution
		SolutionGuid = {CF7AC9A0-DFC8-4E3C-8F87-A3A3B19CBEE4}
	EndGlobalSection
EndGlobal
